
Microsoft Visual Studio Solution File, Format Version 12.00
# Visual Studio Version 16
VisualStudioVersion = 16.0.33214.272
MinimumVisualStudioVersion = 10.0.40219.1
Project("{FAE04EC0-301F-11D3-BF4B-00C04F79EFBC}") = "Module.14.LINQ", "Module.14.LINQ\Module.14.LINQ.csproj", "{B5E8AE63-180C-42A7-8B80-213AA63E4852}"
EndProject
Global
	GlobalSection(SolutionConfigurationPlatforms) = preSolution
		Debug|Any CPU = Debug|Any CPU
		Release|Any CPU = Release|Any CPU
	EndGlobalSection
	GlobalSection(ProjectConfigurationPlatforms) = postSolution
		{B5E8AE63-180C-42A7-8B80-213AA63E4852}.Debug|Any CPU.ActiveCfg = Debug|Any CPU
		{B5E8AE63-180C-42A7-8B80-213AA63E4852}.Debug|Any CPU.Build.0 = Debug|Any CPU
		{B5E8AE63-180C-42A7-8B80-213AA63E4852}.Release|Any CPU.ActiveCfg = Release|Any CPU
		{B5E8AE63-180C-42A7-8B80-213AA63E4852}.Release|Any CPU.Build.0 = Release|Any CPU
	EndGlobalSection
	GlobalSection(SolutionProperties) = preSolution
		HideSolutionNode = FALSE
	EndGlobalSection
	GlobalSection(ExtensibilityGlobals) = postSolution
		SolutionGuid = {5EAA91F4-6372-4746-B90D-E79D49B88C96}
	EndGlobalSection
EndGlobal
